
Microsoft Visual Studio Solution File, Format Version 12.00
# Visual Studio Version 17
VisualStudioVersion = 17.3.32819.101
MinimumVisualStudioVersion = 10.0.40219.1
Project("{FAE04EC0-301F-11D3-BF4B-00C04F79EFBC}") = "RIK Prooviülesanne -Taavi Lepiko", "RIK Prooviülesanne -Taavi Lepiko.csproj", "{10184166-0EBF-4CA6-8882-8F16A82D8C25}"
EndProject
Global
	GlobalSection(SolutionConfigurationPlatforms) = preSolution
		Debug|Any CPU = Debug|Any CPU
		Release|Any CPU = Release|Any CPU
	EndGlobalSection
	GlobalSection(ProjectConfigurationPlatforms) = postSolution
		{10184166-0EBF-4CA6-8882-8F16A82D8C25}.Debug|Any CPU.ActiveCfg = Debug|Any CPU
		{10184166-0EBF-4CA6-8882-8F16A82D8C25}.Debug|Any CPU.Build.0 = Debug|Any CPU
		{10184166-0EBF-4CA6-8882-8F16A82D8C25}.Release|Any CPU.ActiveCfg = Release|Any CPU
		{10184166-0EBF-4CA6-8882-8F16A82D8C25}.Release|Any CPU.Build.0 = Release|Any CPU
	EndGlobalSection
	GlobalSection(SolutionProperties) = preSolution
		HideSolutionNode = FALSE
	EndGlobalSection
	GlobalSection(ExtensibilityGlobals) = postSolution
		SolutionGuid = {CF88F1FF-2777-4F32-8728-6BDD1327EFD5}
	EndGlobalSection
EndGlobal
